
Microsoft Visual Studio Solution File, Format Version 11.00
# Visual Studio 2010
Project("{8BC9CEB8-8B4A-11D0-8D11-00A0C91BC942}") = "wren", "wren\wren.vcxproj", "{0143A07C-ED79-A10D-9666-8710827C1D0F}"
EndProject
Project("{8BC9CEB8-8B4A-11D0-8D11-00A0C91BC942}") = "wren_lib", "lib\wren_lib.vcxproj", "{D7CC5189-C399-AC94-ECB2-9A3CD8DEE122}"
EndProject
Project("{8BC9CEB8-8B4A-11D0-8D11-00A0C91BC942}") = "libuv", "..\..\deps\libuv\libuv.vcxproj", "{33066374-88CB-CB8D-15DA-61032886329A}"
EndProject
Global
	GlobalSection(SolutionConfigurationPlatforms) = preSolution
		Debug|Win32 = Debug|Win32
		Release|Win32 = Release|Win32
	EndGlobalSection
	GlobalSection(ProjectConfigurationPlatforms) = postSolution
		{0143A07C-ED79-A10D-9666-8710827C1D0F}.Debug|Win32.ActiveCfg = Debug|Win32
		{0143A07C-ED79-A10D-9666-8710827C1D0F}.Debug|Win32.Build.0 = Debug|Win32
		{0143A07C-ED79-A10D-9666-8710827C1D0F}.Release|Win32.ActiveCfg = Release|Win32
		{0143A07C-ED79-A10D-9666-8710827C1D0F}.Release|Win32.Build.0 = Release|Win32
		{D7CC5189-C399-AC94-ECB2-9A3CD8DEE122}.Debug|Win32.ActiveCfg = Debug|Win32
		{D7CC5189-C399-AC94-ECB2-9A3CD8DEE122}.Debug|Win32.Build.0 = Debug|Win32
		{D7CC5189-C399-AC94-ECB2-9A3CD8DEE122}.Release|Win32.ActiveCfg = Release|Win32
		{D7CC5189-C399-AC94-ECB2-9A3CD8DEE122}.Release|Win32.Build.0 = Release|Win32
		{33066374-88CB-CB8D-15DA-61032886329A}.Debug|Win32.ActiveCfg = Debug|Win32
		{33066374-88CB-CB8D-15DA-61032886329A}.Debug|Win32.Build.0 = Debug|Win32
		{33066374-88CB-CB8D-15DA-61032886329A}.Release|Win32.ActiveCfg = Release|Win32
		{33066374-88CB-CB8D-15DA-61032886329A}.Release|Win32.Build.0 = Release|Win32
	EndGlobalSection
	GlobalSection(SolutionProperties) = preSolution
		HideSolutionNode = FALSE
	EndGlobalSection
EndGlobal
